
Microsoft Visual Studio Solution File, Format Version 11.00
# Visual Studio 2010
Project("{FAE04EC0-301F-11D3-BF4B-00C04F79EFBC}") = "2dThing", "2dThing\2dThing.csproj", "{B48F2F8E-73CD-456F-9476-E8310A5B6149}"
EndProject
Global
	GlobalSection(SolutionConfigurationPlatforms) = preSolution
		Debug|x86 = Debug|x86
		Release|x86 = Release|x86
	EndGlobalSection
	GlobalSection(ProjectConfigurationPlatforms) = postSolution
		{B48F2F8E-73CD-456F-9476-E8310A5B6149}.Debug|x86.ActiveCfg = Debug|x86
		{B48F2F8E-73CD-456F-9476-E8310A5B6149}.Debug|x86.Build.0 = Debug|x86
		{B48F2F8E-73CD-456F-9476-E8310A5B6149}.Release|x86.ActiveCfg = Release|x86
		{B48F2F8E-73CD-456F-9476-E8310A5B6149}.Release|x86.Build.0 = Release|x86
	EndGlobalSection
	GlobalSection(MonoDevelopProperties) = preSolution
		StartupItem = 2dThing\2dThing.csproj
		Policies = $0
		$0.DotNetNamingPolicy = $1
		$1.DirectoryNamespaceAssociation = None
		$1.ResourceNamePolicy = FileFormatDefault
		$0.VersionControlPolicy = $2
		$2.inheritsSet = Mono
		$0.ChangeLogPolicy = $3
		$3.UpdateMode = None
		$3.MessageStyle = $4
		$4.LineAlign = 0
		$3.inheritsSet = Mono
	EndGlobalSection
	GlobalSection(SolutionProperties) = preSolution
		HideSolutionNode = FALSE
	EndGlobalSection
EndGlobal
